// !$*UTF8*$!
{
	archiveVersion = 1;
	classes = {
	};
	objectVersion = 46;
	objects = {

/* Begin PBXBuildFile section */
		9C1EF3541F378C1900A93F2D /* WeatherTableViewCell.swift in Sources */ = {isa = PBXBuildFile; fileRef = 9C1EF3531F378C1900A93F2D /* WeatherTableViewCell.swift */; };
		9CFBA9581F37687500A86556 /* AppDelegate.swift in Sources */ = {isa = PBXBuildFile; fileRef = 9CFBA9571F37687500A86556 /* AppDelegate.swift */; };
		9CFBA95A1F37687500A86556 /* ForcastViewController.swift in Sources */ = {isa = PBXBuildFile; fileRef = 9CFBA9591F37687500A86556 /* ForcastViewController.swift */; };
		9CFBA95D1F37687500A86556 /* Main.storyboard in Resources */ = {isa = PBXBuildFile; fileRef = 9CFBA95B1F37687500A86556 /* Main.storyboard */; };
		9CFBA95F1F37687500A86556 /* Assets.xcassets in Resources */ = {isa = PBXBuildFile; fileRef = 9CFBA95E1F37687500A86556 /* Assets.xcassets */; };
		9CFBA9621F37687600A86556 /* LaunchScreen.storyboard in Resources */ = {isa = PBXBuildFile; fileRef = 9CFBA9601F37687600A86556 /* LaunchScreen.storyboard */; };
		9CFBA96A1F37689300A86556 /* APIRequestManager.swift in Sources */ = {isa = PBXBuildFile; fileRef = 9CFBA9691F37689300A86556 /* APIRequestManager.swift */; };
		9CFBA96C1F376E6A00A86556 /* Forcast.swift in Sources */ = {isa = PBXBuildFile; fileRef = 9CFBA96B1F376E6A00A86556 /* Forcast.swift */; };
/* End PBXBuildFile section */

/* Begin PBXFileReference section */
		9C1EF3531F378C1900A93F2D /* WeatherTableViewCell.swift */ = {isa = PBXFileReference; fileEncoding = 4; lastKnownFileType = sourcecode.swift; path = WeatherTableViewCell.swift; sourceTree = "<group>"; };
		9CFBA9541F37687400A86556 /* weatherApp.app */ = {isa = PBXFileReference; explicitFileType = wrapper.application; includeInIndex = 0; path = weatherApp.app; sourceTree = BUILT_PRODUCTS_DIR; };
		9CFBA9571F37687500A86556 /* AppDelegate.swift */ = {isa = PBXFileReference; lastKnownFileType = sourcecode.swift; path = AppDelegate.swift; sourceTree = "<group>"; };
		9CFBA9591F37687500A86556 /* ForcastViewController.swift */ = {isa = PBXFileReference; lastKnownFileType = sourcecode.swift; path = ForcastViewController.swift; sourceTree = "<group>"; };
		9CFBA95C1F37687500A86556 /* Base */ = {isa = PBXFileReference; lastKnownFileType = file.storyboard; name = Base; path = Base.lproj/Main.storyboard; sourceTree = "<group>"; };
		9CFBA95E1F37687500A86556 /* Assets.xcassets */ = {isa = PBXFileReference; lastKnownFileType = folder.assetcatalog; path = Assets.xcassets; sourceTree = "<group>"; };
		9CFBA9611F37687600A86556 /* Base */ = {isa = PBXFileReference; lastKnownFileType = file.storyboard; name = Base; path = Base.lproj/LaunchScreen.storyboard; sourceTree = "<group>"; };
		9CFBA9631F37687600A86556 /* Info.plist */ = {isa = PBXFileReference; lastKnownFileType = text.plist.xml; path = Info.plist; sourceTree = "<group>"; };
		9CFBA9691F37689300A86556 /* APIRequestManager.swift */ = {isa = PBXFileReference; fileEncoding = 4; lastKnownFileType = sourcecode.swift; path = APIRequestManager.swift; sourceTree = "<group>"; };
		9CFBA96B1F376E6A00A86556 /* Forcast.swift */ = {isa = PBXFileReference; fileEncoding = 4; lastKnownFileType = sourcecode.swift; path = Forcast.swift; sourceTree = "<group>"; };
/* End PBXFileReference section */

/* Begin PBXFrameworksBuildPhase section */
		9CFBA9511F37687400A86556 /* Frameworks */ = {
			isa = PBXFrameworksBuildPhase;
			buildActionMask = 2147483647;
			files = (
			);
			runOnlyForDeploymentPostprocessing = 0;
		};
/* End PBXFrameworksBuildPhase section */

/* Begin PBXGroup section */
		9CFBA94B1F37687400A86556 = {
			isa = PBXGroup;
			children = (
				9CFBA9561F37687400A86556 /* weatherApp */,
				9CFBA9551F37687400A86556 /* Products */,
			);
			sourceTree = "<group>";
		};
		9CFBA9551F37687400A86556 /* Products */ = {
			isa = PBXGroup;
			children = (
				9CFBA9541F37687400A86556 /* weatherApp.app */,
			);
			name = Products;
			sourceTree = "<group>";
		};
		9CFBA9561F37687400A86556 /* weatherApp */ = {
			isa = PBXGroup;
			children = (
				9CFBA9691F37689300A86556 /* APIRequestManager.swift */,
				9CFBA96B1F376E6A00A86556 /* Forcast.swift */,
				9CFBA9571F37687500A86556 /* AppDelegate.swift */,
				9CFBA9591F37687500A86556 /* ForcastViewController.swift */,
				9C1EF3531F378C1900A93F2D /* WeatherTableViewCell.swift */,
				9CFBA95B1F37687500A86556 /* Main.storyboard */,
				9CFBA95E1F37687500A86556 /* Assets.xcassets */,
				9CFBA9601F37687600A86556 /* LaunchScreen.storyboard */,
				9CFBA9631F37687600A86556 /* Info.plist */,
			);
			path = weatherApp;
			sourceTree = "<group>";
		};
/* End PBXGroup section */

/* Begin PBXNativeTarget section */
		9CFBA9531F37687400A86556 /* weatherApp */ = {
			isa = PBXNativeTarget;
			buildConfigurationList = 9CFBA9661F37687600A86556 /* Build configuration list for PBXNativeTarget "weatherApp" */;
			buildPhases = (
				9CFBA9501F37687400A86556 /* Sources */,
				9CFBA9511F37687400A86556 /* Frameworks */,
				9CFBA9521F37687400A86556 /* Resources */,
			);
			buildRules = (
			);
			dependencies = (
			);
			name = weatherApp;
			productName = weatherApp;
			productReference = 9CFBA9541F37687400A86556 /* weatherApp.app */;
			productType = "com.apple.product-type.application";
		};
/* End PBXNativeTarget section */

/* Begin PBXProject section */
		9CFBA94C1F37687400A86556 /* Project object */ = {
			isa = PBXProject;
			attributes = {
				LastSwiftUpdateCheck = 0830;
				LastUpgradeCheck = 0830;
				ORGANIZATIONNAME = "Karen Fuentes";
				TargetAttributes = {
					9CFBA9531F37687400A86556 = {
						CreatedOnToolsVersion = 8.3.2;
						ProvisioningStyle = Automatic;
					};
				};
			};
			buildConfigurationList = 9CFBA94F1F37687400A86556 /* Build configuration list for PBXProject "weatherApp" */;
			compatibilityVersion = "Xcode 3.2";
			developmentRegion = English;
			hasScannedForEncodings = 0;
			knownRegions = (
				en,
				Base,
			);
			mainGroup = 9CFBA94B1F37687400A86556;
			productRefGroup = 9CFBA9551F37687400A86556 /* Products */;
			projectDirPath = "";
			projectRoot = "";
			targets = (
				9CFBA9531F37687400A86556 /* weatherApp */,
			);
		};
/* End PBXProject section */

/* Begin PBXResourcesBuildPhase section */
		9CFBA9521F37687400A86556 /* Resources */ = {
			isa = PBXResourcesBuildPhase;
			buildActionMask = 2147483647;
			files = (
				9CFBA9621F37687600A86556 /* LaunchScreen.storyboard in Resources */,
				9CFBA95F1F37687500A86556 /* Assets.xcassets in Resources */,
				9CFBA95D1F37687500A86556 /* Main.storyboard in Resources */,
			);
			runOnlyForDeploymentPostprocessing = 0;
		};
/* End PBXResourcesBuildPhase section */

/* Begin PBXSourcesBuildPhase section */
		9CFBA9501F37687400A86556 /* Sources */ = {
			isa = PBXSourcesBuildPhase;
			buildActionMask = 2147483647;
			files = (
				9C1EF3541F378C1900A93F2D /* WeatherTableViewCell.swift in Sources */,
				9CFBA96A1F37689300A86556 /* APIRequestManager.swift in Sources */,
				9CFBA95A1F37687500A86556 /* ForcastViewController.swift in Sources */,
				9CFBA96C1F376E6A00A86556 /* Forcast.swift in Sources */,
				9CFBA9581F37687500A86556 /* AppDelegate.swift in Sources */,
			);
			runOnlyForDeploymentPostprocessing = 0;
		};
/* End PBXSourcesBuildPhase section */

/* Begin PBXVariantGroup section */
		9CFBA95B1F37687500A86556 /* Main.storyboard */ = {
			isa = PBXVariantGroup;
			children = (
				9CFBA95C1F37687500A86556 /* Base */,
			);
			name = Main.storyboard;
			sourceTree = "<group>";
		};
		9CFBA9601F37687600A86556 /* LaunchScreen.storyboard */ = {
			isa = PBXVariantGroup;
			children = (
				9CFBA9611F37687600A86556 /* Base */,
			);
			name = LaunchScreen.storyboard;
			sourceTree = "<group>";
		};
/* End PBXVariantGroup section */

/* Begin XCBuildConfiguration section */
		9CFBA9641F37687600A86556 /* Debug */ = {
			isa = XCBuildConfiguration;
			buildSettings = {
				ALWAYS_SEARCH_USER_PATHS = NO;
				CLANG_ANALYZER_NONNULL = YES;
				CLANG_ANALYZER_NUMBER_OBJECT_CONVERSION = YES_AGGRESSIVE;
				CLANG_CXX_LANGUAGE_STANDARD = "gnu++0x";
				CLANG_CXX_LIBRARY = "libc++";
				CLANG_ENABLE_MODULES = YES;
				CLANG_ENABLE_OBJC_ARC = YES;
				CLANG_WARN_BOOL_CONVERSION = YES;
				CLANG_WARN_CONSTANT_CONVERSION = YES;
				CLANG_WARN_DIRECT_OBJC_ISA_USAGE = YES_ERROR;
				CLANG_WARN_DOCUMENTATION_COMMENTS = YES;
				CLANG_WARN_EMPTY_BODY = YES;
				CLANG_WARN_ENUM_CONVERSION = YES;
				CLANG_WARN_INFINITE_RECURSION = YES;
				CLANG_WARN_INT_CONVERSION = YES;
				CLANG_WARN_OBJC_ROOT_CLASS = YES_ERROR;
				CLANG_WARN_SUSPICIOUS_MOVE = YES;
				CLANG_WARN_UNREACHABLE_CODE = YES;
				CLANG_WARN__DUPLICATE_METHOD_MATCH = YES;
				"CODE_SIGN_IDENTITY[sdk=iphoneos*]" = "iPhone Developer";
				COPY_PHASE_STRIP = NO;
				DEBUG_INFORMATION_FORMAT = dwarf;
				ENABLE_STRICT_OBJC_MSGSEND = YES;
				ENABLE_TESTABILITY = YES;
				GCC_C_LANGUAGE_STANDARD = gnu99;
				GCC_DYNAMIC_NO_PIC = NO;
				GCC_NO_COMMON_BLOCKS = YES;
				GCC_OPTIMIZATION_LEVEL = 0;
				GCC_PREPROCESSOR_DEFINITIONS = (
					"DEBUG=1",
					"$(inherited)",
				);
				GCC_WARN_64_TO_32_BIT_CONVERSION = YES;
				GCC_WARN_ABOUT_RETURN_TYPE = YES_ERROR;
				GCC_WARN_UNDECLARED_SELECTOR = YES;
				GCC_WARN_UNINITIALIZED_AUTOS = YES_AGGRESSIVE;
				GCC_WARN_UNUSED_FUNCTION = YES;
				GCC_WARN_UNUSED_VARIABLE = YES;
				IPHONEOS_DEPLOYMENT_TARGET = 10.3;
				MTL_ENABLE_DEBUG_INFO = YES;
				ONLY_ACTIVE_ARCH = YES;
				SDKROOT = iphoneos;
				SWIFT_ACTIVE_COMPILATION_CONDITIONS = DEBUG;
				SWIFT_OPTIMIZATION_LEVEL = "-Onone";
			};
			name = Debug;
		};
		9CFBA9651F37687600A86556 /* Release */ = {
			isa = XCBuildConfiguration;
			buildSettings = {
				ALWAYS_SEARCH_USER_PATHS = NO;
				CLANG_ANALYZER_NONNULL = YES;
				CLANG_ANALYZER_NUMBER_OBJECT_CONVERSION = YES_AGGRESSIVE;
				CLANG_CXX_LANGUAGE_STANDARD = "gnu++0x";
				CLANG_CXX_LIBRARY = "libc++";
				CLANG_ENABLE_MODULES = YES;
				CLANG_ENABLE_OBJC_ARC = YES;
				CLANG_WARN_BOOL_CONVERSION = YES;
				CLANG_WARN_CONSTANT_CONVERSION = YES;
				CLANG_WARN_DIRECT_OBJC_ISA_USAGE = YES_ERROR;
				CLANG_WARN_DOCUMENTATION_COMMENTS = YES;
				CLANG_WARN_EMPTY_BODY = YES;
				CLANG_WARN_ENUM_CONVERSION = YES;
				CLANG_WARN_INFINITE_RECURSION = YES;
				CLANG_WARN_INT_CONVERSION = YES;
				CLANG_WARN_OBJC_ROOT_CLASS = YES_ERROR;
				CLANG_WARN_SUSPICIOUS_MOVE = YES;
				CLANG_WARN_UNREACHABLE_CODE = YES;
				CLANG_WARN__DUPLICATE_METHOD_MATCH = YES;
				"CODE_SIGN_IDENTITY[sdk=iphoneos*]" = "iPhone Developer";
				COPY_PHASE_STRIP = NO;
				DEBUG_INFORMATION_FORMAT = "dwarf-with-dsym";
				ENABLE_NS_ASSERTIONS = NO;
				ENABLE_STRICT_OBJC_MSGSEND = YES;
				GCC_C_LANGUAGE_STANDARD = gnu99;
				GCC_NO_COMMON_BLOCKS = YES;
				GCC_WARN_64_TO_32_BIT_CONVERSION = YES;
				GCC_WARN_ABOUT_RETURN_TYPE = YES_ERROR;
				GCC_WARN_UNDECLARED_SELECTOR = YES;
				GCC_WARN_UNINITIALIZED_AUTOS = YES_AGGRESSIVE;
				GCC_WARN_UNUSED_FUNCTION = YES;
				GCC_WARN_UNUSED_VARIABLE = YES;
				IPHONEOS_DEPLOYMENT_TARGET = 10.3;
				MTL_ENABLE_DEBUG_INFO = NO;
				SDKROOT = iphoneos;
				SWIFT_OPTIMIZATION_LEVEL = "-Owholemodule";
				VALIDATE_PRODUCT = YES;
			};
			name = Release;
		};
		9CFBA9671F37687600A86556 /* Debug */ = {
			isa = XCBuildConfiguration;
			buildSettings = {
				ASSETCATALOG_COMPILER_APPICON_NAME = AppIcon;
				INFOPLIST_FILE = weatherApp/Info.plist;
				LD_RUNPATH_SEARCH_PATHS = "$(inherited) @executable_path/Frameworks";
				PRODUCT_BUNDLE_IDENTIFIER = karen.weatherApp;
				PRODUCT_NAME = "$(TARGET_NAME)";
				SWIFT_VERSION = 3.0;
			};
			name = Debug;
		};
		9CFBA9681F37687600A86556 /* Release */ = {
			isa = XCBuildConfiguration;
			buildSettings = {
				ASSETCATALOG_COMPILER_APPICON_NAME = AppIcon;
				INFOPLIST_FILE = weatherApp/Info.plist;
				LD_RUNPATH_SEARCH_PATHS = "$(inherited) @executable_path/Frameworks";
				PRODUCT_BUNDLE_IDENTIFIER = karen.weatherApp;
				PRODUCT_NAME = "$(TARGET_NAME)";
				SWIFT_VERSION = 3.0;
			};
			name = Release;
		};
/* End XCBuildConfiguration section */

/* Begin XCConfigurationList section */
		9CFBA94F1F37687400A86556 /* Build configuration list for PBXProject "weatherApp" */ = {
			isa = XCConfigurationList;
			buildConfigurations = (
				9CFBA9641F37687600A86556 /* Debug */,
				9CFBA9651F37687600A86556 /* Release */,
			);
			defaultConfigurationIsVisible = 0;
			defaultConfigurationName = Release;
		};
		9CFBA9661F37687600A86556 /* Build configuration list for PBXNativeTarget "weatherApp" */ = {
			isa = XCConfigurationList;
			buildConfigurations = (
				9CFBA9671F37687600A86556 /* Debug */,
				9CFBA9681F37687600A86556 /* Release */,
			);
			defaultConfigurationIsVisible = 0;
			defaultConfigurationName = Release;
		};
/* End XCConfigurationList section */
	};
	rootObject = 9CFBA94C1F37687400A86556 /* Project object */;
}
